// !$*UTF8*$!
{
	archiveVersion = 1;
	classes = {
	};
	objectVersion = 56;
	objects = {

/* Begin PBXBuildFile section */
		F30D0E6C2C69EB8A00D99674 /* UILabel+Font.swift in Sources */ = {isa = PBXBuildFile; fileRef = F30D0E6B2C69EB8A00D99674 /* UILabel+Font.swift */; };
		F30DEDF82C71CFFD0085F063 /* WebViewViewController.swift in Sources */ = {isa = PBXBuildFile; fileRef = F30DEDF72C71CFFD0085F063 /* WebViewViewController.swift */; };
		F33907102CC11C1B00C596AE /* UIBlockingProgressHUD.swift in Sources */ = {isa = PBXBuildFile; fileRef = F339070F2CC11C1B00C596AE /* UIBlockingProgressHUD.swift */; };
		F33907132CC1205C00C596AE /* ProfileService.swift in Sources */ = {isa = PBXBuildFile; fileRef = F33907122CC1205C00C596AE /* ProfileService.swift */; };
		F33907152CC1221100C596AE /* Profile.swift in Sources */ = {isa = PBXBuildFile; fileRef = F33907142CC1221100C596AE /* Profile.swift */; };
		F33BDB852CD36D2900DCF245 /* Kingfisher in Frameworks */ = {isa = PBXBuildFile; productRef = F33BDB842CD36D2900DCF245 /* Kingfisher */; };
		F34B70322C6B8AA900FFD22E /* Constants.swift in Sources */ = {isa = PBXBuildFile; fileRef = F34B70312C6B8AA900FFD22E /* Constants.swift */; };
		F35957BB2C9899D500456B7D /* OAuth2Service.swift in Sources */ = {isa = PBXBuildFile; fileRef = F35957BA2C9899D500456B7D /* OAuth2Service.swift */; };
		F361612E2C49716B00D83822 /* SF-Pro.ttf in Resources */ = {isa = PBXBuildFile; fileRef = F361612D2C49712900D83822 /* SF-Pro.ttf */; };
		F3836BD32C6FA0A5007CB4D1 /* AuthViewController.swift in Sources */ = {isa = PBXBuildFile; fileRef = F3836BD22C6FA0A5007CB4D1 /* AuthViewController.swift */; };
		F39FB2C82CA174CC004046FE /* SplashViewController.swift in Sources */ = {isa = PBXBuildFile; fileRef = F39FB2C72CA174CC004046FE /* SplashViewController.swift */; };
		F3AA02152C43B67C000AB45D /* ImageListCell.swift in Sources */ = {isa = PBXBuildFile; fileRef = F3AA02142C43B67C000AB45D /* ImageListCell.swift */; };
		F3B46A9A2C38079C004E0DA2 /* AppDelegate.swift in Sources */ = {isa = PBXBuildFile; fileRef = F3B46A992C38079C004E0DA2 /* AppDelegate.swift */; };
		F3B46A9C2C38079C004E0DA2 /* SceneDelegate.swift in Sources */ = {isa = PBXBuildFile; fileRef = F3B46A9B2C38079C004E0DA2 /* SceneDelegate.swift */; };
		F3B46A9E2C38079C004E0DA2 /* ImagesListViewController.swift in Sources */ = {isa = PBXBuildFile; fileRef = F3B46A9D2C38079C004E0DA2 /* ImagesListViewController.swift */; };
		F3B46AA12C38079C004E0DA2 /* Main.storyboard in Resources */ = {isa = PBXBuildFile; fileRef = F3B46A9F2C38079C004E0DA2 /* Main.storyboard */; };
		F3B46AA32C38079D004E0DA2 /* Assets.xcassets in Resources */ = {isa = PBXBuildFile; fileRef = F3B46AA22C38079D004E0DA2 /* Assets.xcassets */; };
		F3B46AA62C38079D004E0DA2 /* LaunchScreen.storyboard in Resources */ = {isa = PBXBuildFile; fileRef = F3B46AA42C38079D004E0DA2 /* LaunchScreen.storyboard */; };
		F3B6466A2C9ECFAA001B2034 /* NetworkClient.swift in Sources */ = {isa = PBXBuildFile; fileRef = F3B646692C9ECFAA001B2034 /* NetworkClient.swift */; };
		F3B8F9B02CAFD02500662C3B /* ProgressHUD in Frameworks */ = {isa = PBXBuildFile; productRef = F3B8F9AF2CAFD02500662C3B /* ProgressHUD */; };
		F3C8E1342CC3B509000BA857 /* ProfileImageService.swift in Sources */ = {isa = PBXBuildFile; fileRef = F3C8E1332CC3B509000BA857 /* ProfileImageService.swift */; };
		F3D783282C5147B200E24228 /* ProfileViewController.swift in Sources */ = {isa = PBXBuildFile; fileRef = F3D783272C5147B200E24228 /* ProfileViewController.swift */; };
		F3D7832B2C5147DB00E24228 /* SingleImageViewController.swift in Sources */ = {isa = PBXBuildFile; fileRef = F3D7832A2C5147DB00E24228 /* SingleImageViewController.swift */; };
		F3DFD8932CA032BF00ED5CF9 /* UISession+Data.swift in Sources */ = {isa = PBXBuildFile; fileRef = F3DFD8922CA032BF00ED5CF9 /* UISession+Data.swift */; };
		F3DFD8952CA03CB600ED5CF9 /* OAuthTokenResponseBody.swift in Sources */ = {isa = PBXBuildFile; fileRef = F3DFD8942CA03CB600ED5CF9 /* OAuthTokenResponseBody.swift */; };
		F3DFD8972CA043CB00ED5CF9 /* OAuth2TokenStorage.swift in Sources */ = {isa = PBXBuildFile; fileRef = F3DFD8962CA043CB00ED5CF9 /* OAuth2TokenStorage.swift */; };
/* End PBXBuildFile section */

/* Begin PBXFileReference section */
		F30D0E6B2C69EB8A00D99674 /* UILabel+Font.swift */ = {isa = PBXFileReference; lastKnownFileType = sourcecode.swift; path = "UILabel+Font.swift"; sourceTree = "<group>"; };
		F30DEDF72C71CFFD0085F063 /* WebViewViewController.swift */ = {isa = PBXFileReference; lastKnownFileType = sourcecode.swift; path = WebViewViewController.swift; sourceTree = "<group>"; };
		F339070F2CC11C1B00C596AE /* UIBlockingProgressHUD.swift */ = {isa = PBXFileReference; lastKnownFileType = sourcecode.swift; path = UIBlockingProgressHUD.swift; sourceTree = "<group>"; };
		F33907122CC1205C00C596AE /* ProfileService.swift */ = {isa = PBXFileReference; lastKnownFileType = sourcecode.swift; path = ProfileService.swift; sourceTree = "<group>"; };
		F33907142CC1221100C596AE /* Profile.swift */ = {isa = PBXFileReference; lastKnownFileType = sourcecode.swift; path = Profile.swift; sourceTree = "<group>"; };
		F34B70312C6B8AA900FFD22E /* Constants.swift */ = {isa = PBXFileReference; lastKnownFileType = sourcecode.swift; path = Constants.swift; sourceTree = "<group>"; };
		F35957BA2C9899D500456B7D /* OAuth2Service.swift */ = {isa = PBXFileReference; lastKnownFileType = sourcecode.swift; path = OAuth2Service.swift; sourceTree = "<group>"; };
		F361612D2C49712900D83822 /* SF-Pro.ttf */ = {isa = PBXFileReference; lastKnownFileType = file; path = "SF-Pro.ttf"; sourceTree = "<group>"; };
		F3836BD22C6FA0A5007CB4D1 /* AuthViewController.swift */ = {isa = PBXFileReference; lastKnownFileType = sourcecode.swift; path = AuthViewController.swift; sourceTree = "<group>"; };
		F39FB2C72CA174CC004046FE /* SplashViewController.swift */ = {isa = PBXFileReference; lastKnownFileType = sourcecode.swift; path = SplashViewController.swift; sourceTree = "<group>"; };
		F3AA02142C43B67C000AB45D /* ImageListCell.swift */ = {isa = PBXFileReference; lastKnownFileType = sourcecode.swift; path = ImageListCell.swift; sourceTree = "<group>"; };
		F3B46A962C38079C004E0DA2 /* ImageFeed.app */ = {isa = PBXFileReference; explicitFileType = wrapper.application; includeInIndex = 0; path = ImageFeed.app; sourceTree = BUILT_PRODUCTS_DIR; };
		F3B46A992C38079C004E0DA2 /* AppDelegate.swift */ = {isa = PBXFileReference; lastKnownFileType = sourcecode.swift; path = AppDelegate.swift; sourceTree = "<group>"; };
		F3B46A9B2C38079C004E0DA2 /* SceneDelegate.swift */ = {isa = PBXFileReference; lastKnownFileType = sourcecode.swift; path = SceneDelegate.swift; sourceTree = "<group>"; };
		F3B46A9D2C38079C004E0DA2 /* ImagesListViewController.swift */ = {isa = PBXFileReference; lastKnownFileType = sourcecode.swift; path = ImagesListViewController.swift; sourceTree = "<group>"; };
		F3B46AA02C38079C004E0DA2 /* Base */ = {isa = PBXFileReference; lastKnownFileType = file.storyboard; name = Base; path = Base.lproj/Main.storyboard; sourceTree = "<group>"; };
		F3B46AA22C38079D004E0DA2 /* Assets.xcassets */ = {isa = PBXFileReference; lastKnownFileType = folder.assetcatalog; path = Assets.xcassets; sourceTree = "<group>"; };
		F3B46AA52C38079D004E0DA2 /* Base */ = {isa = PBXFileReference; lastKnownFileType = file.storyboard; name = Base; path = Base.lproj/LaunchScreen.storyboard; sourceTree = "<group>"; };
		F3B46AA72C38079D004E0DA2 /* Info.plist */ = {isa = PBXFileReference; lastKnownFileType = text.plist.xml; path = Info.plist; sourceTree = "<group>"; };
		F3B646692C9ECFAA001B2034 /* NetworkClient.swift */ = {isa = PBXFileReference; lastKnownFileType = sourcecode.swift; path = NetworkClient.swift; sourceTree = "<group>"; };
		F3C8E1332CC3B509000BA857 /* ProfileImageService.swift */ = {isa = PBXFileReference; lastKnownFileType = sourcecode.swift; path = ProfileImageService.swift; sourceTree = "<group>"; };
		F3D783272C5147B200E24228 /* ProfileViewController.swift */ = {isa = PBXFileReference; fileEncoding = 4; lastKnownFileType = sourcecode.swift; path = ProfileViewController.swift; sourceTree = "<group>"; };
		F3D7832A2C5147DB00E24228 /* SingleImageViewController.swift */ = {isa = PBXFileReference; lastKnownFileType = sourcecode.swift; path = SingleImageViewController.swift; sourceTree = "<group>"; };
		F3DFD8922CA032BF00ED5CF9 /* UISession+Data.swift */ = {isa = PBXFileReference; lastKnownFileType = sourcecode.swift; path = "UISession+Data.swift"; sourceTree = "<group>"; };
		F3DFD8942CA03CB600ED5CF9 /* OAuthTokenResponseBody.swift */ = {isa = PBXFileReference; lastKnownFileType = sourcecode.swift; path = OAuthTokenResponseBody.swift; sourceTree = "<group>"; };
		F3DFD8962CA043CB00ED5CF9 /* OAuth2TokenStorage.swift */ = {isa = PBXFileReference; lastKnownFileType = sourcecode.swift; path = OAuth2TokenStorage.swift; sourceTree = "<group>"; };
/* End PBXFileReference section */

/* Begin PBXFrameworksBuildPhase section */
		F3B46A932C38079C004E0DA2 /* Frameworks */ = {
			isa = PBXFrameworksBuildPhase;
			buildActionMask = 2147483647;
			files = (
				F33BDB852CD36D2900DCF245 /* Kingfisher in Frameworks */,
				F3B8F9B02CAFD02500662C3B /* ProgressHUD in Frameworks */,
			);
			runOnlyForDeploymentPostprocessing = 0;
		};
/* End PBXFrameworksBuildPhase section */

/* Begin PBXGroup section */
		F30D0E6A2C69EB6B00D99674 /* Extensions */ = {
			isa = PBXGroup;
			children = (
				F30D0E6B2C69EB8A00D99674 /* UILabel+Font.swift */,
				F3DFD8922CA032BF00ED5CF9 /* UISession+Data.swift */,
			);
			path = Extensions;
			sourceTree = "<group>";
		};
		F33907112CC1203E00C596AE /* Profile */ = {
			isa = PBXGroup;
			children = (
				F33907122CC1205C00C596AE /* ProfileService.swift */,
				F3C8E1332CC3B509000BA857 /* ProfileImageService.swift */,
			);
			path = Profile;
			sourceTree = "<group>";
		};
		F3836BD12C6FA055007CB4D1 /* Auth */ = {
			isa = PBXGroup;
			children = (
				F3836BD22C6FA0A5007CB4D1 /* AuthViewController.swift */,
				F30DEDF72C71CFFD0085F063 /* WebViewViewController.swift */,
			);
			path = Auth;
			sourceTree = "<group>";
		};
		F39FB2C62CA174B6004046FE /* Splash */ = {
			isa = PBXGroup;
			children = (
				F39FB2C72CA174CC004046FE /* SplashViewController.swift */,
			);
			path = Splash;
			sourceTree = "<group>";
		};
		F3AA02162C43B967000AB45D /* ImageList */ = {
			isa = PBXGroup;
			children = (
				F3B46A9D2C38079C004E0DA2 /* ImagesListViewController.swift */,
				F3AA02142C43B67C000AB45D /* ImageListCell.swift */,
			);
			path = ImageList;
			sourceTree = "<group>";
		};
		F3B46A8D2C38079C004E0DA2 = {
			isa = PBXGroup;
			children = (
				F3B46A982C38079C004E0DA2 /* ImageFeed */,
				F3B46A972C38079C004E0DA2 /* Products */,
			);
			sourceTree = "<group>";
		};
		F3B46A972C38079C004E0DA2 /* Products */ = {
			isa = PBXGroup;
			children = (
				F3B46A962C38079C004E0DA2 /* ImageFeed.app */,
			);
			name = Products;
			sourceTree = "<group>";
		};
		F3B46A982C38079C004E0DA2 /* ImageFeed */ = {
			isa = PBXGroup;
			children = (
				F3B46A992C38079C004E0DA2 /* AppDelegate.swift */,
				F3B46A9B2C38079C004E0DA2 /* SceneDelegate.swift */,
				F34B70312C6B8AA900FFD22E /* Constants.swift */,
				F3B646692C9ECFAA001B2034 /* NetworkClient.swift */,
				F339070F2CC11C1B00C596AE /* UIBlockingProgressHUD.swift */,
				F3DF5F552CA5B30B0065B535 /* ServiceAccessLayer */,
				F39FB2C62CA174B6004046FE /* Splash */,
				F3836BD12C6FA055007CB4D1 /* Auth */,
				F30D0E6A2C69EB6B00D99674 /* Extensions */,
				F3D783292C5147BA00E24228 /* SingleImageView */,
				F3D783262C51476300E24228 /* Profile */,
				F3AA02162C43B967000AB45D /* ImageList */,
				F3B46A9F2C38079C004E0DA2 /* Main.storyboard */,
				F3B46AA22C38079D004E0DA2 /* Assets.xcassets */,
				F3B46AA42C38079D004E0DA2 /* LaunchScreen.storyboard */,
				F361612D2C49712900D83822 /* SF-Pro.ttf */,
				F3B46AA72C38079D004E0DA2 /* Info.plist */,
			);
			path = ImageFeed;
			sourceTree = "<group>";
		};
		F3D783262C51476300E24228 /* Profile */ = {
			isa = PBXGroup;
			children = (
				F3D783272C5147B200E24228 /* ProfileViewController.swift */,
				F33907142CC1221100C596AE /* Profile.swift */,
			);
			path = Profile;
			sourceTree = "<group>";
		};
		F3D783292C5147BA00E24228 /* SingleImageView */ = {
			isa = PBXGroup;
			children = (
				F3D7832A2C5147DB00E24228 /* SingleImageViewController.swift */,
			);
			path = SingleImageView;
			sourceTree = "<group>";
		};
		F3DF5F552CA5B30B0065B535 /* ServiceAccessLayer */ = {
			isa = PBXGroup;
			children = (
				F33907112CC1203E00C596AE /* Profile */,
				F3DF5F562CA5B3190065B535 /* OAuth */,
			);
			path = ServiceAccessLayer;
			sourceTree = "<group>";
		};
		F3DF5F562CA5B3190065B535 /* OAuth */ = {
			isa = PBXGroup;
			children = (
				F35957BA2C9899D500456B7D /* OAuth2Service.swift */,
				F3DFD8942CA03CB600ED5CF9 /* OAuthTokenResponseBody.swift */,
				F3DFD8962CA043CB00ED5CF9 /* OAuth2TokenStorage.swift */,
			);
			path = OAuth;
			sourceTree = "<group>";
		};
/* End PBXGroup section */

/* Begin PBXNativeTarget section */
		F3B46A952C38079C004E0DA2 /* ImageFeed */ = {
			isa = PBXNativeTarget;
			buildConfigurationList = F3B46AAA2C38079D004E0DA2 /* Build configuration list for PBXNativeTarget "ImageFeed" */;
			buildPhases = (
				F3B46A922C38079C004E0DA2 /* Sources */,
				F3B46A932C38079C004E0DA2 /* Frameworks */,
				F3B46A942C38079C004E0DA2 /* Resources */,
			);
			buildRules = (
			);
			dependencies = (
			);
			name = ImageFeed;
			packageProductDependencies = (
				F3B8F9AF2CAFD02500662C3B /* ProgressHUD */,
				F33BDB842CD36D2900DCF245 /* Kingfisher */,
			);
			productName = ImageFeed;
			productReference = F3B46A962C38079C004E0DA2 /* ImageFeed.app */;
			productType = "com.apple.product-type.application";
		};
/* End PBXNativeTarget section */

/* Begin PBXProject section */
		F3B46A8E2C38079C004E0DA2 /* Project object */ = {
			isa = PBXProject;
			attributes = {
				BuildIndependentTargetsInParallel = 1;
				LastSwiftUpdateCheck = 1420;
				LastUpgradeCheck = 1420;
				TargetAttributes = {
					F3B46A952C38079C004E0DA2 = {
						CreatedOnToolsVersion = 14.2;
					};
				};
			};
			buildConfigurationList = F3B46A912C38079C004E0DA2 /* Build configuration list for PBXProject "ImageFeed" */;
			compatibilityVersion = "Xcode 14.0";
			developmentRegion = en;
			hasScannedForEncodings = 0;
			knownRegions = (
				en,
				Base,
			);
			mainGroup = F3B46A8D2C38079C004E0DA2;
			packageReferences = (
				F3B8F9AE2CAFD02500662C3B /* XCRemoteSwiftPackageReference "ProgressHUD" */,
				F33BDB832CD36D2900DCF245 /* XCRemoteSwiftPackageReference "Kingfisher" */,
			);
			productRefGroup = F3B46A972C38079C004E0DA2 /* Products */;
			projectDirPath = "";
			projectRoot = "";
			targets = (
				F3B46A952C38079C004E0DA2 /* ImageFeed */,
			);
		};
/* End PBXProject section */

/* Begin PBXResourcesBuildPhase section */
		F3B46A942C38079C004E0DA2 /* Resources */ = {
			isa = PBXResourcesBuildPhase;
			buildActionMask = 2147483647;
			files = (
				F3B46AA62C38079D004E0DA2 /* LaunchScreen.storyboard in Resources */,
				F361612E2C49716B00D83822 /* SF-Pro.ttf in Resources */,
				F3B46AA32C38079D004E0DA2 /* Assets.xcassets in Resources */,
				F3B46AA12C38079C004E0DA2 /* Main.storyboard in Resources */,
			);
			runOnlyForDeploymentPostprocessing = 0;
		};
/* End PBXResourcesBuildPhase section */

/* Begin PBXSourcesBuildPhase section */
		F3B46A922C38079C004E0DA2 /* Sources */ = {
			isa = PBXSourcesBuildPhase;
			buildActionMask = 2147483647;
			files = (
				F30DEDF82C71CFFD0085F063 /* WebViewViewController.swift in Sources */,
				F3B46A9E2C38079C004E0DA2 /* ImagesListViewController.swift in Sources */,
				F3AA02152C43B67C000AB45D /* ImageListCell.swift in Sources */,
				F30D0E6C2C69EB8A00D99674 /* UILabel+Font.swift in Sources */,
				F35957BB2C9899D500456B7D /* OAuth2Service.swift in Sources */,
				F3D783282C5147B200E24228 /* ProfileViewController.swift in Sources */,
				F3B46A9A2C38079C004E0DA2 /* AppDelegate.swift in Sources */,
				F3D7832B2C5147DB00E24228 /* SingleImageViewController.swift in Sources */,
				F3B46A9C2C38079C004E0DA2 /* SceneDelegate.swift in Sources */,
				F3836BD32C6FA0A5007CB4D1 /* AuthViewController.swift in Sources */,
				F3DFD8952CA03CB600ED5CF9 /* OAuthTokenResponseBody.swift in Sources */,
				F33907132CC1205C00C596AE /* ProfileService.swift in Sources */,
				F34B70322C6B8AA900FFD22E /* Constants.swift in Sources */,
				F3DFD8972CA043CB00ED5CF9 /* OAuth2TokenStorage.swift in Sources */,
				F3DFD8932CA032BF00ED5CF9 /* UISession+Data.swift in Sources */,
				F3B6466A2C9ECFAA001B2034 /* NetworkClient.swift in Sources */,
				F33907152CC1221100C596AE /* Profile.swift in Sources */,
				F3C8E1342CC3B509000BA857 /* ProfileImageService.swift in Sources */,
				F39FB2C82CA174CC004046FE /* SplashViewController.swift in Sources */,
				F33907102CC11C1B00C596AE /* UIBlockingProgressHUD.swift in Sources */,
			);
			runOnlyForDeploymentPostprocessing = 0;
		};
/* End PBXSourcesBuildPhase section */

/* Begin PBXVariantGroup section */
		F3B46A9F2C38079C004E0DA2 /* Main.storyboard */ = {
			isa = PBXVariantGroup;
			children = (
				F3B46AA02C38079C004E0DA2 /* Base */,
			);
			name = Main.storyboard;
			sourceTree = "<group>";
		};
		F3B46AA42C38079D004E0DA2 /* LaunchScreen.storyboard */ = {
			isa = PBXVariantGroup;
			children = (
				F3B46AA52C38079D004E0DA2 /* Base */,
			);
			name = LaunchScreen.storyboard;
			sourceTree = "<group>";
		};
/* End PBXVariantGroup section */

/* Begin XCBuildConfiguration section */
		F3B46AA82C38079D004E0DA2 /* Debug */ = {
			isa = XCBuildConfiguration;
			buildSettings = {
				ALWAYS_SEARCH_USER_PATHS = NO;
				CLANG_ANALYZER_NONNULL = YES;
				CLANG_ANALYZER_NUMBER_OBJECT_CONVERSION = YES_AGGRESSIVE;
				CLANG_CXX_LANGUAGE_STANDARD = "gnu++20";
				CLANG_ENABLE_MODULES = YES;
				CLANG_ENABLE_OBJC_ARC = YES;
				CLANG_ENABLE_OBJC_WEAK = YES;
				CLANG_WARN_BLOCK_CAPTURE_AUTORELEASING = YES;
				CLANG_WARN_BOOL_CONVERSION = YES;
				CLANG_WARN_COMMA = YES;
				CLANG_WARN_CONSTANT_CONVERSION = YES;
				CLANG_WARN_DEPRECATED_OBJC_IMPLEMENTATIONS = YES;
				CLANG_WARN_DIRECT_OBJC_ISA_USAGE = YES_ERROR;
				CLANG_WARN_DOCUMENTATION_COMMENTS = YES;
				CLANG_WARN_EMPTY_BODY = YES;
				CLANG_WARN_ENUM_CONVERSION = YES;
				CLANG_WARN_INFINITE_RECURSION = YES;
				CLANG_WARN_INT_CONVERSION = YES;
				CLANG_WARN_NON_LITERAL_NULL_CONVERSION = YES;
				CLANG_WARN_OBJC_IMPLICIT_RETAIN_SELF = YES;
				CLANG_WARN_OBJC_LITERAL_CONVERSION = YES;
				CLANG_WARN_OBJC_ROOT_CLASS = YES_ERROR;
				CLANG_WARN_QUOTED_INCLUDE_IN_FRAMEWORK_HEADER = YES;
				CLANG_WARN_RANGE_LOOP_ANALYSIS = YES;
				CLANG_WARN_STRICT_PROTOTYPES = YES;
				CLANG_WARN_SUSPICIOUS_MOVE = YES;
				CLANG_WARN_UNGUARDED_AVAILABILITY = YES_AGGRESSIVE;
				CLANG_WARN_UNREACHABLE_CODE = YES;
				CLANG_WARN__DUPLICATE_METHOD_MATCH = YES;
				COPY_PHASE_STRIP = NO;
				DEBUG_INFORMATION_FORMAT = dwarf;
				ENABLE_STRICT_OBJC_MSGSEND = YES;
				ENABLE_TESTABILITY = YES;
				GCC_C_LANGUAGE_STANDARD = gnu11;
				GCC_DYNAMIC_NO_PIC = NO;
				GCC_NO_COMMON_BLOCKS = YES;
				GCC_OPTIMIZATION_LEVEL = 0;
				GCC_PREPROCESSOR_DEFINITIONS = (
					"DEBUG=1",
					"$(inherited)",
				);
				GCC_WARN_64_TO_32_BIT_CONVERSION = YES;
				GCC_WARN_ABOUT_RETURN_TYPE = YES_ERROR;
				GCC_WARN_UNDECLARED_SELECTOR = YES;
				GCC_WARN_UNINITIALIZED_AUTOS = YES_AGGRESSIVE;
				GCC_WARN_UNUSED_FUNCTION = YES;
				GCC_WARN_UNUSED_VARIABLE = YES;
				IPHONEOS_DEPLOYMENT_TARGET = 16.2;
				MTL_ENABLE_DEBUG_INFO = INCLUDE_SOURCE;
				MTL_FAST_MATH = YES;
				ONLY_ACTIVE_ARCH = YES;
				SDKROOT = iphoneos;
				SWIFT_ACTIVE_COMPILATION_CONDITIONS = DEBUG;
				SWIFT_OPTIMIZATION_LEVEL = "-Onone";
			};
			name = Debug;
		};
		F3B46AA92C38079D004E0DA2 /* Release */ = {
			isa = XCBuildConfiguration;
			buildSettings = {
				ALWAYS_SEARCH_USER_PATHS = NO;
				CLANG_ANALYZER_NONNULL = YES;
				CLANG_ANALYZER_NUMBER_OBJECT_CONVERSION = YES_AGGRESSIVE;
				CLANG_CXX_LANGUAGE_STANDARD = "gnu++20";
				CLANG_ENABLE_MODULES = YES;
				CLANG_ENABLE_OBJC_ARC = YES;
				CLANG_ENABLE_OBJC_WEAK = YES;
				CLANG_WARN_BLOCK_CAPTURE_AUTORELEASING = YES;
				CLANG_WARN_BOOL_CONVERSION = YES;
				CLANG_WARN_COMMA = YES;
				CLANG_WARN_CONSTANT_CONVERSION = YES;
				CLANG_WARN_DEPRECATED_OBJC_IMPLEMENTATIONS = YES;
				CLANG_WARN_DIRECT_OBJC_ISA_USAGE = YES_ERROR;
				CLANG_WARN_DOCUMENTATION_COMMENTS = YES;
				CLANG_WARN_EMPTY_BODY = YES;
				CLANG_WARN_ENUM_CONVERSION = YES;
				CLANG_WARN_INFINITE_RECURSION = YES;
				CLANG_WARN_INT_CONVERSION = YES;
				CLANG_WARN_NON_LITERAL_NULL_CONVERSION = YES;
				CLANG_WARN_OBJC_IMPLICIT_RETAIN_SELF = YES;
				CLANG_WARN_OBJC_LITERAL_CONVERSION = YES;
				CLANG_WARN_OBJC_ROOT_CLASS = YES_ERROR;
				CLANG_WARN_QUOTED_INCLUDE_IN_FRAMEWORK_HEADER = YES;
				CLANG_WARN_RANGE_LOOP_ANALYSIS = YES;
				CLANG_WARN_STRICT_PROTOTYPES = YES;
				CLANG_WARN_SUSPICIOUS_MOVE = YES;
				CLANG_WARN_UNGUARDED_AVAILABILITY = YES_AGGRESSIVE;
				CLANG_WARN_UNREACHABLE_CODE = YES;
				CLANG_WARN__DUPLICATE_METHOD_MATCH = YES;
				COPY_PHASE_STRIP = NO;
				DEBUG_INFORMATION_FORMAT = "dwarf-with-dsym";
				ENABLE_NS_ASSERTIONS = NO;
				ENABLE_STRICT_OBJC_MSGSEND = YES;
				GCC_C_LANGUAGE_STANDARD = gnu11;
				GCC_NO_COMMON_BLOCKS = YES;
				GCC_WARN_64_TO_32_BIT_CONVERSION = YES;
				GCC_WARN_ABOUT_RETURN_TYPE = YES_ERROR;
				GCC_WARN_UNDECLARED_SELECTOR = YES;
				GCC_WARN_UNINITIALIZED_AUTOS = YES_AGGRESSIVE;
				GCC_WARN_UNUSED_FUNCTION = YES;
				GCC_WARN_UNUSED_VARIABLE = YES;
				IPHONEOS_DEPLOYMENT_TARGET = 16.2;
				MTL_ENABLE_DEBUG_INFO = NO;
				MTL_FAST_MATH = YES;
				SDKROOT = iphoneos;
				SWIFT_COMPILATION_MODE = wholemodule;
				SWIFT_OPTIMIZATION_LEVEL = "-O";
				VALIDATE_PRODUCT = YES;
			};
			name = Release;
		};
		F3B46AAB2C38079D004E0DA2 /* Debug */ = {
			isa = XCBuildConfiguration;
			buildSettings = {
				ASSETCATALOG_COMPILER_APPICON_NAME = AppIcon;
				ASSETCATALOG_COMPILER_GLOBAL_ACCENT_COLOR_NAME = AccentColor;
				CODE_SIGN_STYLE = Automatic;
				CURRENT_PROJECT_VERSION = 1;
				DEVELOPMENT_TEAM = JDHXR3S4SA;
				GENERATE_INFOPLIST_FILE = YES;
				INFOPLIST_FILE = ImageFeed/Info.plist;
				INFOPLIST_KEY_UIApplicationSupportsIndirectInputEvents = YES;
				INFOPLIST_KEY_UILaunchStoryboardName = LaunchScreen;
				INFOPLIST_KEY_UIMainStoryboardFile = Main;
				INFOPLIST_KEY_UISupportedInterfaceOrientations = UIInterfaceOrientationPortrait;
				INFOPLIST_KEY_UISupportedInterfaceOrientations_iPad = "UIInterfaceOrientationLandscapeLeft UIInterfaceOrientationPortrait";
				IPHONEOS_DEPLOYMENT_TARGET = 13.0;
				LD_RUNPATH_SEARCH_PATHS = (
					"$(inherited)",
					"@executable_path/Frameworks",
				);
				MARKETING_VERSION = 1.0;
				PRODUCT_BUNDLE_IDENTIFIER = ru.yandex.practicum.ImageFeed;
				PRODUCT_NAME = "$(TARGET_NAME)";
				SUPPORTED_PLATFORMS = "iphoneos iphonesimulator";
				SUPPORTS_MACCATALYST = NO;
				SUPPORTS_MAC_DESIGNED_FOR_IPHONE_IPAD = YES;
				SWIFT_EMIT_LOC_STRINGS = YES;
				SWIFT_VERSION = 5.0;
				TARGETED_DEVICE_FAMILY = 1;
			};
			name = Debug;
		};
		F3B46AAC2C38079D004E0DA2 /* Release */ = {
			isa = XCBuildConfiguration;
			buildSettings = {
				ASSETCATALOG_COMPILER_APPICON_NAME = AppIcon;
				ASSETCATALOG_COMPILER_GLOBAL_ACCENT_COLOR_NAME = AccentColor;
				CODE_SIGN_STYLE = Automatic;
				CURRENT_PROJECT_VERSION = 1;
				DEVELOPMENT_TEAM = JDHXR3S4SA;
				GENERATE_INFOPLIST_FILE = YES;
				INFOPLIST_FILE = ImageFeed/Info.plist;
				INFOPLIST_KEY_UIApplicationSupportsIndirectInputEvents = YES;
				INFOPLIST_KEY_UILaunchStoryboardName = LaunchScreen;
				INFOPLIST_KEY_UIMainStoryboardFile = Main;
				INFOPLIST_KEY_UISupportedInterfaceOrientations = UIInterfaceOrientationPortrait;
				INFOPLIST_KEY_UISupportedInterfaceOrientations_iPad = "UIInterfaceOrientationLandscapeLeft UIInterfaceOrientationPortrait";
				IPHONEOS_DEPLOYMENT_TARGET = 13.0;
				LD_RUNPATH_SEARCH_PATHS = (
					"$(inherited)",
					"@executable_path/Frameworks",
				);
				MARKETING_VERSION = 1.0;
				PRODUCT_BUNDLE_IDENTIFIER = ru.yandex.practicum.ImageFeed;
				PRODUCT_NAME = "$(TARGET_NAME)";
				SUPPORTED_PLATFORMS = "iphoneos iphonesimulator";
				SUPPORTS_MACCATALYST = NO;
				SUPPORTS_MAC_DESIGNED_FOR_IPHONE_IPAD = YES;
				SWIFT_EMIT_LOC_STRINGS = YES;
				SWIFT_VERSION = 5.0;
				TARGETED_DEVICE_FAMILY = 1;
			};
			name = Release;
		};
/* End XCBuildConfiguration section */

/* Begin XCConfigurationList section */
		F3B46A912C38079C004E0DA2 /* Build configuration list for PBXProject "ImageFeed" */ = {
			isa = XCConfigurationList;
			buildConfigurations = (
				F3B46AA82C38079D004E0DA2 /* Debug */,
				F3B46AA92C38079D004E0DA2 /* Release */,
			);
			defaultConfigurationIsVisible = 0;
			defaultConfigurationName = Release;
		};
		F3B46AAA2C38079D004E0DA2 /* Build configuration list for PBXNativeTarget "ImageFeed" */ = {
			isa = XCConfigurationList;
			buildConfigurations = (
				F3B46AAB2C38079D004E0DA2 /* Debug */,
				F3B46AAC2C38079D004E0DA2 /* Release */,
			);
			defaultConfigurationIsVisible = 0;
			defaultConfigurationName = Release;
		};
/* End XCConfigurationList section */

/* Begin XCRemoteSwiftPackageReference section */
		F33BDB832CD36D2900DCF245 /* XCRemoteSwiftPackageReference "Kingfisher" */ = {
			isa = XCRemoteSwiftPackageReference;
			repositoryURL = "https://github.com/onevcat/Kingfisher";
			requirement = {
				kind = upToNextMajorVersion;
				minimumVersion = 7.0.0;
			};
		};
		F3B8F9AE2CAFD02500662C3B /* XCRemoteSwiftPackageReference "ProgressHUD" */ = {
			isa = XCRemoteSwiftPackageReference;
			repositoryURL = "https://github.com/relatedcode/ProgressHUD.git";
			requirement = {
				kind = upToNextMajorVersion;
				minimumVersion = 13.8.6;
			};
		};
/* End XCRemoteSwiftPackageReference section */

/* Begin XCSwiftPackageProductDependency section */
		F33BDB842CD36D2900DCF245 /* Kingfisher */ = {
			isa = XCSwiftPackageProductDependency;
			package = F33BDB832CD36D2900DCF245 /* XCRemoteSwiftPackageReference "Kingfisher" */;
			productName = Kingfisher;
		};
		F3B8F9AF2CAFD02500662C3B /* ProgressHUD */ = {
			isa = XCSwiftPackageProductDependency;
			package = F3B8F9AE2CAFD02500662C3B /* XCRemoteSwiftPackageReference "ProgressHUD" */;
			productName = ProgressHUD;
		};
/* End XCSwiftPackageProductDependency section */
	};
	rootObject = F3B46A8E2C38079C004E0DA2 /* Project object */;
}
